
Microsoft Visual Studio Solution File, Format Version 12.00
# Visual Studio Version 17
VisualStudioVersion = 17.0.31919.166
MinimumVisualStudioVersion = 10.0.40219.1
Project("{9A19103F-16F7-4668-BE54-9A1E7A4F7556}") = "Day01", "Day01\Day01.csproj", "{B02595E6-3B23-43F7-80AD-8056FAC2AFE3}"
EndProject
Project("{9A19103F-16F7-4668-BE54-9A1E7A4F7556}") = "Utils", "Utils\Utils.csproj", "{EF479134-8433-46AF-8160-7FE8A940570D}"
EndProject
Project("{2150E333-8FDC-42A3-9474-1A3956D46DE8}") = "Solution Items", "Solution Items", "{16C63751-77F7-4E6F-96E5-C45ABE5F642C}"
	ProjectSection(SolutionItems) = preProject
		README.md = README.md
		_template.txt = _template.txt
	EndProjectSection
EndProject
Project("{9A19103F-16F7-4668-BE54-9A1E7A4F7556}") = "Day02", "Day02\Day02.csproj", "{21B114D2-B6CC-4556-B747-D851FE1045F4}"
EndProject
Project("{9A19103F-16F7-4668-BE54-9A1E7A4F7556}") = "Day03", "Day03\Day03.csproj", "{F61C8D77-3ECA-4F7B-A938-B992357CE177}"
EndProject
Project("{9A19103F-16F7-4668-BE54-9A1E7A4F7556}") = "Day04", "Day04\Day04.csproj", "{6992B332-B436-48EC-9B64-6B2DD5F7FB04}"
EndProject
Project("{9A19103F-16F7-4668-BE54-9A1E7A4F7556}") = "Day05", "Day05\Day05.csproj", "{10874B74-6ECB-4D42-869F-7D0106D6F34F}"
EndProject
Project("{9A19103F-16F7-4668-BE54-9A1E7A4F7556}") = "Day06", "Day06\Day06.csproj", "{EFC91F7B-CF2C-456C-A983-41D20823EFFE}"
EndProject
Project("{9A19103F-16F7-4668-BE54-9A1E7A4F7556}") = "Day07", "Day07\Day07.csproj", "{824235F3-F1B7-48E4-8611-F26497EDCBDE}"
EndProject
Project("{9A19103F-16F7-4668-BE54-9A1E7A4F7556}") = "Day08", "Day08\Day08.csproj", "{80879D60-FB63-4D78-9A23-57CC7C95909A}"
EndProject
Global
	GlobalSection(SolutionConfigurationPlatforms) = preSolution
		Debug|Any CPU = Debug|Any CPU
		Release|Any CPU = Release|Any CPU
	EndGlobalSection
	GlobalSection(ProjectConfigurationPlatforms) = postSolution
		{B02595E6-3B23-43F7-80AD-8056FAC2AFE3}.Debug|Any CPU.ActiveCfg = Debug|Any CPU
		{B02595E6-3B23-43F7-80AD-8056FAC2AFE3}.Debug|Any CPU.Build.0 = Debug|Any CPU
		{B02595E6-3B23-43F7-80AD-8056FAC2AFE3}.Release|Any CPU.ActiveCfg = Release|Any CPU
		{B02595E6-3B23-43F7-80AD-8056FAC2AFE3}.Release|Any CPU.Build.0 = Release|Any CPU
		{EF479134-8433-46AF-8160-7FE8A940570D}.Debug|Any CPU.ActiveCfg = Debug|Any CPU
		{EF479134-8433-46AF-8160-7FE8A940570D}.Debug|Any CPU.Build.0 = Debug|Any CPU
		{EF479134-8433-46AF-8160-7FE8A940570D}.Release|Any CPU.ActiveCfg = Release|Any CPU
		{EF479134-8433-46AF-8160-7FE8A940570D}.Release|Any CPU.Build.0 = Release|Any CPU
		{21B114D2-B6CC-4556-B747-D851FE1045F4}.Debug|Any CPU.ActiveCfg = Debug|Any CPU
		{21B114D2-B6CC-4556-B747-D851FE1045F4}.Debug|Any CPU.Build.0 = Debug|Any CPU
		{21B114D2-B6CC-4556-B747-D851FE1045F4}.Release|Any CPU.ActiveCfg = Release|Any CPU
		{21B114D2-B6CC-4556-B747-D851FE1045F4}.Release|Any CPU.Build.0 = Release|Any CPU
		{F61C8D77-3ECA-4F7B-A938-B992357CE177}.Debug|Any CPU.ActiveCfg = Debug|Any CPU
		{F61C8D77-3ECA-4F7B-A938-B992357CE177}.Debug|Any CPU.Build.0 = Debug|Any CPU
		{F61C8D77-3ECA-4F7B-A938-B992357CE177}.Release|Any CPU.ActiveCfg = Release|Any CPU
		{F61C8D77-3ECA-4F7B-A938-B992357CE177}.Release|Any CPU.Build.0 = Release|Any CPU
		{6992B332-B436-48EC-9B64-6B2DD5F7FB04}.Debug|Any CPU.ActiveCfg = Debug|Any CPU
		{6992B332-B436-48EC-9B64-6B2DD5F7FB04}.Debug|Any CPU.Build.0 = Debug|Any CPU
		{6992B332-B436-48EC-9B64-6B2DD5F7FB04}.Release|Any CPU.ActiveCfg = Release|Any CPU
		{6992B332-B436-48EC-9B64-6B2DD5F7FB04}.Release|Any CPU.Build.0 = Release|Any CPU
		{10874B74-6ECB-4D42-869F-7D0106D6F34F}.Debug|Any CPU.ActiveCfg = Debug|Any CPU
		{10874B74-6ECB-4D42-869F-7D0106D6F34F}.Debug|Any CPU.Build.0 = Debug|Any CPU
		{10874B74-6ECB-4D42-869F-7D0106D6F34F}.Release|Any CPU.ActiveCfg = Release|Any CPU
		{10874B74-6ECB-4D42-869F-7D0106D6F34F}.Release|Any CPU.Build.0 = Release|Any CPU
		{EFC91F7B-CF2C-456C-A983-41D20823EFFE}.Debug|Any CPU.ActiveCfg = Debug|Any CPU
		{EFC91F7B-CF2C-456C-A983-41D20823EFFE}.Debug|Any CPU.Build.0 = Debug|Any CPU
		{EFC91F7B-CF2C-456C-A983-41D20823EFFE}.Release|Any CPU.ActiveCfg = Release|Any CPU
		{EFC91F7B-CF2C-456C-A983-41D20823EFFE}.Release|Any CPU.Build.0 = Release|Any CPU
		{824235F3-F1B7-48E4-8611-F26497EDCBDE}.Debug|Any CPU.ActiveCfg = Debug|Any CPU
		{824235F3-F1B7-48E4-8611-F26497EDCBDE}.Debug|Any CPU.Build.0 = Debug|Any CPU
		{824235F3-F1B7-48E4-8611-F26497EDCBDE}.Release|Any CPU.ActiveCfg = Release|Any CPU
		{824235F3-F1B7-48E4-8611-F26497EDCBDE}.Release|Any CPU.Build.0 = Release|Any CPU
		{80879D60-FB63-4D78-9A23-57CC7C95909A}.Debug|Any CPU.ActiveCfg = Debug|Any CPU
		{80879D60-FB63-4D78-9A23-57CC7C95909A}.Debug|Any CPU.Build.0 = Debug|Any CPU
		{80879D60-FB63-4D78-9A23-57CC7C95909A}.Release|Any CPU.ActiveCfg = Release|Any CPU
		{80879D60-FB63-4D78-9A23-57CC7C95909A}.Release|Any CPU.Build.0 = Release|Any CPU
	EndGlobalSection
	GlobalSection(SolutionProperties) = preSolution
		HideSolutionNode = FALSE
	EndGlobalSection
	GlobalSection(ExtensibilityGlobals) = postSolution
		SolutionGuid = {38E5A93E-AB16-4351-B0CB-364A6EBDEF6C}
	EndGlobalSection
	GlobalSection(Performance) = preSolution
		HasPerformanceSessions = true
	EndGlobalSection
EndGlobal
